
Microsoft Visual Studio Solution File, Format Version 12.00
# Visual Studio 14
VisualStudioVersion = 14.0.25420.1
MinimumVisualStudioVersion = 10.0.40219.1
Project("{FAE04EC0-301F-11D3-BF4B-00C04F79EFBC}") = "BookSystem", "BookSystem\BookSystem.csproj", "{FAC6B337-E7A0-400C-ADDC-28B4CBE3EB4E}"
EndProject
Project("{FAE04EC0-301F-11D3-BF4B-00C04F79EFBC}") = "DataFac", "DataFac\DataFac.csproj", "{B0D507F9-F753-4999-A59D-93C519EF8318}"
EndProject
Global
	GlobalSection(SolutionConfigurationPlatforms) = preSolution
		Debug|Any CPU = Debug|Any CPU
		Release|Any CPU = Release|Any CPU
	EndGlobalSection
	GlobalSection(ProjectConfigurationPlatforms) = postSolution
		{FAC6B337-E7A0-400C-ADDC-28B4CBE3EB4E}.Debug|Any CPU.ActiveCfg = Debug|Any CPU
		{FAC6B337-E7A0-400C-ADDC-28B4CBE3EB4E}.Debug|Any CPU.Build.0 = Debug|Any CPU
		{FAC6B337-E7A0-400C-ADDC-28B4CBE3EB4E}.Release|Any CPU.ActiveCfg = Release|Any CPU
		{FAC6B337-E7A0-400C-ADDC-28B4CBE3EB4E}.Release|Any CPU.Build.0 = Release|Any CPU
		{B0D507F9-F753-4999-A59D-93C519EF8318}.Debug|Any CPU.ActiveCfg = Debug|Any CPU
		{B0D507F9-F753-4999-A59D-93C519EF8318}.Debug|Any CPU.Build.0 = Debug|Any CPU
		{B0D507F9-F753-4999-A59D-93C519EF8318}.Release|Any CPU.ActiveCfg = Release|Any CPU
		{B0D507F9-F753-4999-A59D-93C519EF8318}.Release|Any CPU.Build.0 = Release|Any CPU
	EndGlobalSection
	GlobalSection(SolutionProperties) = preSolution
		HideSolutionNode = FALSE
	EndGlobalSection
EndGlobal
